{
  "name": "ngym-contact",
  "version": "0.0.2",
  "lockfileVersion": 2,
  "requires": true,
  "packages": {
    "": {
      "name": "ngym-contact",
      "version": "0.0.2",
      "dependencies": {
        "tslib": "^2.3.0"
      },
      "peerDependencies": {
        "@angular/common": "^13.3.0",
        "@angular/core": "^13.3.0",
        "bootstrap": "5.2.2",
        "ngx-infinite-scroll": "^13.1.0",
        "ngym-chips": "^0.0.50",
        "ngym-input": "^0.0.32",
        "ngym-profile-photo": "^0.0.5"
      }
    },
    "node_modules/@angular/common": {
      "version": "13.3.11",
      "resolved": "https://registry.npmjs.org/@angular/common/-/common-13.3.11.tgz",
      "integrity": "sha512-gPMwDYIAag1izXm2tRQ6EOIx9FVEUqLdr+qYtRVoQtoBmfkoTSLGcpeBXqqlPVxVPbA6Li1WZZT5wxLLlLAN+Q==",
      "peer": true,
      "dependencies": {
        "tslib": "^2.3.0"
      },
      "engines": {
        "node": "^12.20.0 || ^14.15.0 || >=16.10.0"
      },
      "peerDependencies": {
        "@angular/core": "13.3.11",
        "rxjs": "^6.5.3 || ^7.4.0"
      }
    },
    "node_modules/@angular/core": {
      "version": "13.3.11",
      "resolved": "https://registry.npmjs.org/@angular/core/-/core-13.3.11.tgz",
      "integrity": "sha512-9BmE2CxyV0g+AkBeuc8IwjSOiJ8Y+kptXnqD/J8EAFT3B0/fLGVnjFdZC6Sev9L0SNZb6qdzebpfIOLqbUjReQ==",
      "peer": true,
      "dependencies": {
        "tslib": "^2.3.0"
      },
      "engines": {
        "node": "^12.20.0 || ^14.15.0 || >=16.10.0"
      },
      "peerDependencies": {
        "rxjs": "^6.5.3 || ^7.4.0",
        "zone.js": "~0.11.4"
      }
    },
    "node_modules/@popperjs/core": {
      "version": "2.11.6",
      "resolved": "https://registry.npmjs.org/@popperjs/core/-/core-2.11.6.tgz",
      "integrity": "sha512-50/17A98tWUfQ176raKiOGXuYpLyyVMkxxG6oylzL3BPOlA6ADGdK7EYunSa4I064xerltq9TGXs8HmOk5E+vw==",
      "peer": true,
      "funding": {
        "type": "opencollective",
        "url": "https://opencollective.com/popperjs"
      }
    },
    "node_modules/@scarf/scarf": {
      "version": "1.1.1",
      "resolved": "https://registry.npmjs.org/@scarf/scarf/-/scarf-1.1.1.tgz",
      "integrity": "sha512-VGbKDbk1RFIaSmdVb0cNjjWJoRWRI/Weo23AjRCC2nryO0iAS8pzsToJfPVPtVs74WHw4L1UTADNdIYRLkirZQ==",
      "hasInstallScript": true,
      "peer": true
    },
    "node_modules/bootstrap": {
      "version": "5.2.2",
      "resolved": "https://registry.npmjs.org/bootstrap/-/bootstrap-5.2.2.tgz",
      "integrity": "sha512-dEtzMTV71n6Fhmbg4fYJzQsw1N29hJKO1js5ackCgIpDcGid2ETMGC6zwSYw09v05Y+oRdQ9loC54zB1La3hHQ==",
      "funding": [
        {
          "type": "github",
          "url": "https://github.com/sponsors/twbs"
        },
        {
          "type": "opencollective",
          "url": "https://opencollective.com/bootstrap"
        }
      ],
      "peer": true,
      "peerDependencies": {
        "@popperjs/core": "^2.11.6"
      }
    },
    "node_modules/ngx-infinite-scroll": {
      "version": "13.1.0",
      "resolved": "https://registry.npmjs.org/ngx-infinite-scroll/-/ngx-infinite-scroll-13.1.0.tgz",
      "integrity": "sha512-9KAP62uJBAcVH6ZsmVCBORMLn6k+xwn8/LwEQqKq/ciWt1Bu2zRqxUhB9MDyT7dfStny7RTRU7neIA6LrnprDQ==",
      "peer": true,
      "dependencies": {
        "tslib": "^2.3.0"
      },
      "peerDependencies": {
        "@angular/common": "^13.1.0",
        "@angular/core": "^13.1.0",
        "@scarf/scarf": "^1.1.1"
      }
    },
    "node_modules/ngym-chips": {
      "version": "0.0.50",
      "resolved": "https://registry.npmjs.org/ngym-chips/-/ngym-chips-0.0.50.tgz",
      "integrity": "sha512-iOewfcd52ZwZxR9xTkolkwoSFkbrJGMixuOqGgH/vkdpgruU4R56bvr3EOaBFaSCV4ltXCSVjLdi5rr2AlxxjQ==",
      "peer": true,
      "dependencies": {
        "tslib": "^2.3.0"
      },
      "peerDependencies": {
        "@angular/common": "^13.3.0",
        "@angular/core": "^13.3.0"
      }
    },
    "node_modules/ngym-input": {
      "version": "0.0.32",
      "resolved": "https://registry.npmjs.org/ngym-input/-/ngym-input-0.0.32.tgz",
      "integrity": "sha512-3aUJHZUjwBCH8A9kSdcQomjeOJan/fv7GGgD8E4IJ0rykIljYUnLipOol6jLMDDI+QxRQKLU8ljCBHBGWwdrFA==",
      "peer": true,
      "dependencies": {
        "tslib": "^2.3.0"
      },
      "peerDependencies": {
        "@angular/common": "^13.3.0",
        "@angular/core": "^13.3.0"
      }
    },
    "node_modules/ngym-profile-photo": {
      "version": "0.0.5",
      "resolved": "https://registry.npmjs.org/ngym-profile-photo/-/ngym-profile-photo-0.0.5.tgz",
      "integrity": "sha512-cIrhmuEV8gyvJh41YT8EAcbV+4awvJa3Q1M7Iy/igncbLAzGeDA9ohhDQZqmEmgUTvDPv25AxkmwRvREWVjGwA==",
      "peer": true,
      "dependencies": {
        "tslib": "^2.3.0"
      },
      "peerDependencies": {
        "@angular/common": "^13.3.0",
        "@angular/core": "^13.3.0"
      }
    },
    "node_modules/rxjs": {
      "version": "7.5.7",
      "resolved": "https://registry.npmjs.org/rxjs/-/rxjs-7.5.7.tgz",
      "integrity": "sha512-z9MzKh/UcOqB3i20H6rtrlaE/CgjLOvheWK/9ILrbhROGTweAi1BaFsTT9FbwZi5Trr1qNRs+MXkhmR06awzQA==",
      "peer": true,
      "dependencies": {
        "tslib": "^2.1.0"
      }
    },
    "node_modules/tslib": {
      "version": "2.4.0",
      "resolved": "https://registry.npmjs.org/tslib/-/tslib-2.4.0.tgz",
      "integrity": "sha512-d6xOpEDfsi2CZVlPQzGeux8XMwLT9hssAsaPYExaQMuYskwb+x1x7J371tWlbBdWHroy99KnVB6qIkUbs5X3UQ=="
    },
    "node_modules/zone.js": {
      "version": "0.11.8",
      "resolved": "https://registry.npmjs.org/zone.js/-/zone.js-0.11.8.tgz",
      "integrity": "sha512-82bctBg2hKcEJ21humWIkXRlLBBmrc3nN7DFh5LGGhcyycO2S7FN8NmdvlcKaGFDNVL4/9kFLmwmInTavdJERA==",
      "peer": true,
      "dependencies": {
        "tslib": "^2.3.0"
      }
    }
  },
  "dependencies": {
    "@angular/common": {
      "version": "13.3.11",
      "resolved": "https://registry.npmjs.org/@angular/common/-/common-13.3.11.tgz",
      "integrity": "sha512-gPMwDYIAag1izXm2tRQ6EOIx9FVEUqLdr+qYtRVoQtoBmfkoTSLGcpeBXqqlPVxVPbA6Li1WZZT5wxLLlLAN+Q==",
      "peer": true,
      "requires": {
        "tslib": "^2.3.0"
      }
    },
    "@angular/core": {
      "version": "13.3.11",
      "resolved": "https://registry.npmjs.org/@angular/core/-/core-13.3.11.tgz",
      "integrity": "sha512-9BmE2CxyV0g+AkBeuc8IwjSOiJ8Y+kptXnqD/J8EAFT3B0/fLGVnjFdZC6Sev9L0SNZb6qdzebpfIOLqbUjReQ==",
      "peer": true,
      "requires": {
        "tslib": "^2.3.0"
      }
    },
    "@popperjs/core": {
      "version": "2.11.6",
      "resolved": "https://registry.npmjs.org/@popperjs/core/-/core-2.11.6.tgz",
      "integrity": "sha512-50/17A98tWUfQ176raKiOGXuYpLyyVMkxxG6oylzL3BPOlA6ADGdK7EYunSa4I064xerltq9TGXs8HmOk5E+vw==",
      "peer": true
    },
    "@scarf/scarf": {
      "version": "1.1.1",
      "resolved": "https://registry.npmjs.org/@scarf/scarf/-/scarf-1.1.1.tgz",
      "integrity": "sha512-VGbKDbk1RFIaSmdVb0cNjjWJoRWRI/Weo23AjRCC2nryO0iAS8pzsToJfPVPtVs74WHw4L1UTADNdIYRLkirZQ==",
      "peer": true
    },
    "bootstrap": {
      "version": "5.2.2",
      "resolved": "https://registry.npmjs.org/bootstrap/-/bootstrap-5.2.2.tgz",
      "integrity": "sha512-dEtzMTV71n6Fhmbg4fYJzQsw1N29hJKO1js5ackCgIpDcGid2ETMGC6zwSYw09v05Y+oRdQ9loC54zB1La3hHQ==",
      "peer": true,
      "requires": {}
    },
    "ngx-infinite-scroll": {
      "version": "13.1.0",
      "resolved": "https://registry.npmjs.org/ngx-infinite-scroll/-/ngx-infinite-scroll-13.1.0.tgz",
      "integrity": "sha512-9KAP62uJBAcVH6ZsmVCBORMLn6k+xwn8/LwEQqKq/ciWt1Bu2zRqxUhB9MDyT7dfStny7RTRU7neIA6LrnprDQ==",
      "peer": true,
      "requires": {
        "tslib": "^2.3.0"
      }
    },
    "ngym-chips": {
      "version": "0.0.50",
      "resolved": "https://registry.npmjs.org/ngym-chips/-/ngym-chips-0.0.50.tgz",
      "integrity": "sha512-iOewfcd52ZwZxR9xTkolkwoSFkbrJGMixuOqGgH/vkdpgruU4R56bvr3EOaBFaSCV4ltXCSVjLdi5rr2AlxxjQ==",
      "peer": true,
      "requires": {
        "tslib": "^2.3.0"
      }
    },
    "ngym-input": {
      "version": "0.0.32",
      "resolved": "https://registry.npmjs.org/ngym-input/-/ngym-input-0.0.32.tgz",
      "integrity": "sha512-3aUJHZUjwBCH8A9kSdcQomjeOJan/fv7GGgD8E4IJ0rykIljYUnLipOol6jLMDDI+QxRQKLU8ljCBHBGWwdrFA==",
      "peer": true,
      "requires": {
        "tslib": "^2.3.0"
      }
    },
    "ngym-profile-photo": {
      "version": "0.0.5",
      "resolved": "https://registry.npmjs.org/ngym-profile-photo/-/ngym-profile-photo-0.0.5.tgz",
      "integrity": "sha512-cIrhmuEV8gyvJh41YT8EAcbV+4awvJa3Q1M7Iy/igncbLAzGeDA9ohhDQZqmEmgUTvDPv25AxkmwRvREWVjGwA==",
      "peer": true,
      "requires": {
        "tslib": "^2.3.0"
      }
    },
    "rxjs": {
      "version": "7.5.7",
      "resolved": "https://registry.npmjs.org/rxjs/-/rxjs-7.5.7.tgz",
      "integrity": "sha512-z9MzKh/UcOqB3i20H6rtrlaE/CgjLOvheWK/9ILrbhROGTweAi1BaFsTT9FbwZi5Trr1qNRs+MXkhmR06awzQA==",
      "peer": true,
      "requires": {
        "tslib": "^2.1.0"
      }
    },
    "tslib": {
      "version": "2.4.0",
      "resolved": "https://registry.npmjs.org/tslib/-/tslib-2.4.0.tgz",
      "integrity": "sha512-d6xOpEDfsi2CZVlPQzGeux8XMwLT9hssAsaPYExaQMuYskwb+x1x7J371tWlbBdWHroy99KnVB6qIkUbs5X3UQ=="
    },
    "zone.js": {
      "version": "0.11.8",
      "resolved": "https://registry.npmjs.org/zone.js/-/zone.js-0.11.8.tgz",
      "integrity": "sha512-82bctBg2hKcEJ21humWIkXRlLBBmrc3nN7DFh5LGGhcyycO2S7FN8NmdvlcKaGFDNVL4/9kFLmwmInTavdJERA==",
      "peer": true,
      "requires": {
        "tslib": "^2.3.0"
      }
    }
  }
}
