{
  "name": "ngym-contacts",
  "version": "0.0.103",
  "lockfileVersion": 2,
  "requires": true,
  "packages": {
    "": {
      "name": "ngym-contacts",
      "version": "0.0.103",
      "dependencies": {
        "libphonenumber-js": "^1.10.30",
        "ngx-mask": "13.1.15",
        "tslib": "^2.3.0"
      },
      "peerDependencies": {
        "@angular/common": "^14.3.0",
        "@angular/core": "^14.3.0",
        "bootstrap": "5.2.2",
        "ngym-input": "^0.0.75"
      }
    },
    "node_modules/libphonenumber-js": {
      "version": "1.10.30",
      "resolved": "https://registry.npmjs.org/libphonenumber-js/-/libphonenumber-js-1.10.30.tgz",
      "integrity": "sha512-PLGc+xfrQrkya/YK2/5X+bPpxRmyJBHM+xxz9krUdSgk4Vs2ZwxX5/Ow0lv3r9PDlDtNWb4u+it8MY5rZ0IyGw=="
    },
    "node_modules/ngx-mask": {
      "version": "13.1.15",
      "resolved": "https://registry.npmjs.org/ngx-mask/-/ngx-mask-13.1.15.tgz",
      "integrity": "sha512-fplyzkFa6lFTzPo/AHaI3TBQxTMdcqQClR9BLLAWTvCyDZkV28fLqWkpIpy0VvPc9ADogFpJJj7R1356mszjag==",
      "dependencies": {
        "tslib": "^2.3.0"
      },
      "peerDependencies": {
        "@angular/common": ">=10.0.0",
        "@angular/core": ">=10.0.0",
        "@angular/forms": ">=10.0.0"
      }
    },
    "node_modules/tslib": {
      "version": "2.4.1",
      "resolved": "https://registry.npmjs.org/tslib/-/tslib-2.4.1.tgz",
      "integrity": "sha512-tGyy4dAjRIEwI7BzsB0lynWgOpfqjUdq91XXAlIWD2OwKBH7oCl/GZG/HT4BOHrTlPMOASlMQ7veyTqpmRcrNA=="
    }
  },
  "dependencies": {
    "libphonenumber-js": {
      "version": "1.10.30",
      "resolved": "https://registry.npmjs.org/libphonenumber-js/-/libphonenumber-js-1.10.30.tgz",
      "integrity": "sha512-PLGc+xfrQrkya/YK2/5X+bPpxRmyJBHM+xxz9krUdSgk4Vs2ZwxX5/Ow0lv3r9PDlDtNWb4u+it8MY5rZ0IyGw=="
    },
    "ngx-mask": {
      "version": "13.1.15",
      "resolved": "https://registry.npmjs.org/ngx-mask/-/ngx-mask-13.1.15.tgz",
      "integrity": "sha512-fplyzkFa6lFTzPo/AHaI3TBQxTMdcqQClR9BLLAWTvCyDZkV28fLqWkpIpy0VvPc9ADogFpJJj7R1356mszjag==",
      "requires": {
        "tslib": "^2.3.0"
      }
    },
    "tslib": {
      "version": "2.4.1",
      "resolved": "https://registry.npmjs.org/tslib/-/tslib-2.4.1.tgz",
      "integrity": "sha512-tGyy4dAjRIEwI7BzsB0lynWgOpfqjUdq91XXAlIWD2OwKBH7oCl/GZG/HT4BOHrTlPMOASlMQ7veyTqpmRcrNA=="
    }
  }
}
